# THIS IS AN AUTOGENERATED FILE. DO NOT EDIT THIS FILE DIRECTLY.
# yarn lockfile v1


"@types/accepts@*":
  "integrity" "sha512-jOdnI/3qTpHABjM5cx1Hc0sKsPoYCp+DP/GJRGtDlPd7fiV9oXGGIcjW/ZOxLIvjGz8MA+uMZI9metHlgqbgwQ=="
  "resolved" "http://registry.npm.baidu-int.com/@types%2faccepts/-/accepts-1.3.5.tgz"
  "version" "1.3.5"
  dependencies:
    "@types/node" "*"

"@types/body-parser@*":
  "integrity" "sha1-BoWzxH6zAG/+0RfN1VFkth+AU48="
  "resolved" "http://registry.npm.baidu-int.com/@types%2fbody-parser/-/body-parser-1.19.0.tgz"
  "version" "1.19.0"
  dependencies:
    "@types/connect" "*"
    "@types/node" "*"

"@types/connect@*":
  "integrity" "sha1-FwpAIjptZmAG2TyhKK8r6x2bGQE="
  "resolved" "http://registry.npm.baidu-int.com/@types%2fconnect/-/connect-3.4.34.tgz"
  "version" "3.4.34"
  dependencies:
    "@types/node" "*"

"@types/content-disposition@*":
  "integrity" "sha1-CqEWcBlVwvqgcX/GnNFZYJXknZY="
  "resolved" "http://registry.npm.baidu-int.com/@types%2fcontent-disposition/-/content-disposition-0.5.3.tgz"
  "version" "0.5.3"

"@types/cookies@*":
  "integrity" "sha1-cSEsU5GpdtO65X1LCfrCD8a9pQQ="
  "resolved" "http://registry.npm.baidu-int.com/@types%2fcookies/-/cookies-0.7.6.tgz"
  "version" "0.7.6"
  dependencies:
    "@types/connect" "*"
    "@types/express" "*"
    "@types/keygrip" "*"
    "@types/node" "*"

"@types/events@*":
  "integrity" "sha1-KGLz9Yqaf3w+eNefEw3U1xwlwqc="
  "resolved" "http://registry.npm.baidu-int.com/@types%2fevents/-/events-3.0.0.tgz"
  "version" "3.0.0"

"@types/express-serve-static-core@^4.17.18":
  "integrity" "sha1-AKz8FjLnKaysTxUw6eFvbdFQih0="
  "resolved" "http://registry.npm.baidu-int.com/@types%2fexpress-serve-static-core/-/express-serve-static-core-4.17.19.tgz"
  "version" "4.17.19"
  dependencies:
    "@types/node" "*"
    "@types/qs" "*"
    "@types/range-parser" "*"

"@types/express@*":
  "integrity" "sha1-3r48qm+OX82pa0e9VOL0DE7llUU="
  "resolved" "http://registry.npm.baidu-int.com/@types%2fexpress/-/express-4.17.11.tgz"
  "version" "4.17.11"
  dependencies:
    "@types/body-parser" "*"
    "@types/express-serve-static-core" "^4.17.18"
    "@types/qs" "*"
    "@types/serve-static" "*"

"@types/fb-watchman@^2.0.0":
  "integrity" "sha512-Ao2jlksPEUGCEXBvJz5e2MuDpYUtxXgtUk45cg0g5Mmy4f0j7bQuDlOlqBMgKGRl9dZAK4ZTzFtukuzj2mURlQ=="
  "resolved" "http://registry.npm.baidu-int.com/@types%2ffb-watchman/-/fb-watchman-2.0.0.tgz"
  "version" "2.0.0"
  dependencies:
    "@types/events" "*"

"@types/http-assert@*":
  "integrity" "sha512-PGAK759pxyfXE78NbKxyfRcWYA/KwW17X290cNev/qAsn9eQIxkH4shoNBafH37wewhDG/0p1cHPbK6+SzZjWQ=="
  "resolved" "http://registry.npm.baidu-int.com/@types%2fhttp-assert/-/http-assert-1.5.1.tgz"
  "version" "1.5.1"

"@types/http-errors@*":
  "integrity" "sha1-aCR327vQfNAycxyzsOfq7j0Ca2k="
  "resolved" "http://registry.npm.baidu-int.com/@types%2fhttp-errors/-/http-errors-1.8.0.tgz"
  "version" "1.8.0"

"@types/keygrip@*":
  "integrity" "sha1-UTq/0lbXrQvx7hhzYGMXszsbKnI="
  "resolved" "http://registry.npm.baidu-int.com/@types%2fkeygrip/-/keygrip-1.0.2.tgz"
  "version" "1.0.2"

"@types/koa-bodyparser@^5.0.2":
  "integrity" "sha1-u5I2qPgldsL5vnvteRS8+VYy+hg="
  "resolved" "http://registry.npm.baidu-int.com/@types%2fkoa-bodyparser/-/koa-bodyparser-5.0.2.tgz"
  "version" "5.0.2"
  dependencies:
    "@types/koa" "*"

"@types/koa-compose@*":
  "integrity" "sha512-B8nG/OoE1ORZqCkBVsup/AKcvjdgoHnfi4pZMn5UwAPCbhk/96xyv284eBYW8JlQbQ7zDmnpFr68I/40mFoIBQ=="
  "resolved" "http://registry.npm.baidu-int.com/@types%2fkoa-compose/-/koa-compose-3.2.5.tgz"
  "version" "3.2.5"
  dependencies:
    "@types/koa" "*"

"@types/koa-send@*":
  "integrity" "sha1-l4+CZ60RbRKsahj+zY80xWV+Ca0="
  "resolved" "http://registry.npm.baidu-int.com/@types%2fkoa-send/-/koa-send-4.1.2.tgz"
  "version" "4.1.2"
  dependencies:
    "@types/koa" "*"

"@types/koa-static@^4.0.1":
  "integrity" "sha1-t0DYClSbCgp6OziRja7N6Ip6UOw="
  "resolved" "http://registry.npm.baidu-int.com/@types%2fkoa-static/-/koa-static-4.0.1.tgz"
  "version" "4.0.1"
  dependencies:
    "@types/koa" "*"
    "@types/koa-send" "*"

"@types/koa@*", "@types/koa@^2.13.1":
  "integrity" "sha1-4ph3prWtN0SrECT27HW4y/bsRds="
  "resolved" "http://registry.npm.baidu-int.com/@types%2fkoa/-/koa-2.13.1.tgz"
  "version" "2.13.1"
  dependencies:
    "@types/accepts" "*"
    "@types/content-disposition" "*"
    "@types/cookies" "*"
    "@types/http-assert" "*"
    "@types/http-errors" "*"
    "@types/keygrip" "*"
    "@types/koa-compose" "*"
    "@types/node" "*"

"@types/mime@^1":
  "integrity" "sha1-k+Jb+e51/g/YC1lLxP6w6GIRG1o="
  "resolved" "http://registry.npm.baidu-int.com/@types%2fmime/-/mime-1.3.2.tgz"
  "version" "1.3.2"

"@types/mime@^2.0.3":
  "integrity" "sha1-yJO3NyHbc2mZQ7/DZTsd63+qSjo="
  "resolved" "http://registry.npm.baidu-int.com/@types%2fmime/-/mime-2.0.3.tgz"
  "version" "2.0.3"

"@types/node@*", "@types/node@^14.14.37":
  "integrity" "sha1-o92NpOuEqZbDbjMd+Y2Cq9drUW4="
  "resolved" "http://registry.npm.baidu-int.com/@types%2fnode/-/node-14.14.37.tgz"
  "version" "14.14.37"

"@types/qs@*":
  "integrity" "sha1-35w8izGiR+wxXmmWVmvjFx30s7E="
  "resolved" "http://registry.npm.baidu-int.com/@types%2fqs/-/qs-6.9.6.tgz"
  "version" "6.9.6"

"@types/range-parser@*":
  "integrity" "sha1-fuMwunyq+5gJC+zoal7kQRWQTCw="
  "resolved" "http://registry.npm.baidu-int.com/@types%2frange-parser/-/range-parser-1.2.3.tgz"
  "version" "1.2.3"

"@types/serve-static@*":
  "integrity" "sha1-qs8oqFoF7imhH7fD6tk1rFbzPk4="
  "resolved" "http://registry.npm.baidu-int.com/@types%2fserve-static/-/serve-static-1.13.9.tgz"
  "version" "1.13.9"
  dependencies:
    "@types/mime" "^1"
    "@types/node" "*"

"accepts@^1.3.5":
  "integrity" "sha1-UxvHJlF6OytB+FACHGzBXqq1B80="
  "resolved" "http://registry.npm.baidu-int.com/accepts/-/accepts-1.3.7.tgz"
  "version" "1.3.7"
  dependencies:
    "mime-types" "~2.1.24"
    "negotiator" "0.6.2"

"ansi-styles@^4.1.0":
  "integrity" "sha1-7dgDYornHATIWuegkG7a00tkiTc="
  "resolved" "http://registry.npm.baidu-int.com/ansi-styles/-/ansi-styles-4.3.0.tgz"
  "version" "4.3.0"
  dependencies:
    "color-convert" "^2.0.1"

"any-promise@^1.1.0":
  "integrity" "sha1-q8av7tzqUugJzcA3au0845Y10X8="
  "resolved" "http://registry.npm.baidu-int.com/any-promise/-/any-promise-1.3.0.tgz"
  "version" "1.3.0"

"arg@^4.1.0":
  "integrity" "sha1-Jp/HrVuOQstjyJbVZmAXJhwUQIk="
  "resolved" "http://registry.npm.baidu-int.com/arg/-/arg-4.1.3.tgz"
  "version" "4.1.3"

"bser@2.1.1":
  "integrity" "sha512-gQxTNE/GAfIIrmHLUE3oJyp5FO6HRBfhjnw4/wMmA63ZGDJnWBmgY/lyQBpnDUkGmAhbSe39tx2d/iTOAfglwQ=="
  "resolved" "http://registry.npm.baidu-int.com/bser/-/bser-2.1.1.tgz"
  "version" "2.1.1"
  dependencies:
    "node-int64" "^0.4.0"

"buffer-from@^1.0.0":
  "integrity" "sha512-MQcXEUbCKtEo7bhqEs6560Hyd4XaovZlO/k9V3hjVUF/zwW7KBVdSK4gIt/bzwS9MbR5qob+F5jusZsb0YQK2A=="
  "resolved" "http://registry.npm.baidu-int.com/buffer-from/-/buffer-from-1.1.1.tgz"
  "version" "1.1.1"

"bytes@3.1.0":
  "integrity" "sha1-9s95M6Ng4FiPqf3oVlHNx/gF0fY="
  "resolved" "http://registry.npm.baidu-int.com/bytes/-/bytes-3.1.0.tgz"
  "version" "3.1.0"

"cache-content-type@^1.0.0":
  "integrity" "sha512-IKufZ1o4Ut42YUrZSo8+qnMTrFuKkvyoLXUywKz9GJ5BrhOFGhLdkx9sG4KAnVvbY6kEcSFjLQul+DVmBm2bgA=="
  "resolved" "http://registry.npm.baidu-int.com/cache-content-type/-/cache-content-type-1.0.1.tgz"
  "version" "1.0.1"
  dependencies:
    "mime-types" "^2.1.18"
    "ylru" "^1.2.0"

"call-bind@^1.0.0":
  "integrity" "sha1-sdTonmiBGcPJqQOtMKuy9qkZvjw="
  "resolved" "http://registry.npm.baidu-int.com/call-bind/-/call-bind-1.0.2.tgz"
  "version" "1.0.2"
  dependencies:
    "function-bind" "^1.1.1"
    "get-intrinsic" "^1.0.2"

"chalk@^4.1.0":
  "integrity" "sha1-ThSHCmGNni7dl92DRf2dncMVZGo="
  "resolved" "http://registry.npm.baidu-int.com/chalk/-/chalk-4.1.0.tgz"
  "version" "4.1.0"
  dependencies:
    "ansi-styles" "^4.1.0"
    "supports-color" "^7.1.0"

"co-body@^6.0.0":
  "integrity" "sha1-2HqO/DVk+b/jrO2O9c0Ex6h2ZUc="
  "resolved" "http://registry.npm.baidu-int.com/co-body/-/co-body-6.1.0.tgz"
  "version" "6.1.0"
  dependencies:
    "inflation" "^2.0.0"
    "qs" "^6.5.2"
    "raw-body" "^2.3.3"
    "type-is" "^1.6.16"

"co@^4.6.0":
  "integrity" "sha1-bqa989hTrlTMuOR7+gvz+QMfsYQ="
  "resolved" "http://registry.npm.baidu-int.com/co/-/co-4.6.0.tgz"
  "version" "4.6.0"

"color-convert@^2.0.1":
  "integrity" "sha512-RRECPsj7iu/xb5oKYcsFHSppFNnsj/52OVTRKb4zP5onXwVF3zVmmToNcOfGC+CRDpfK/U584fMg38ZHCaElKQ=="
  "resolved" "http://registry.npm.baidu-int.com/color-convert/-/color-convert-2.0.1.tgz"
  "version" "2.0.1"
  dependencies:
    "color-name" "~1.1.4"

"color-name@~1.1.4":
  "integrity" "sha512-dOy+3AuW3a2wNbZHIuMZpTcgjGuLU/uBL/ubcZF9OXbDo8ff4O8yVp5Bf0efS8uEoYo5q4Fx7dY9OgQGXgAsQA=="
  "resolved" "http://registry.npm.baidu-int.com/color-name/-/color-name-1.1.4.tgz"
  "version" "1.1.4"

"content-disposition@~0.5.2":
  "integrity" "sha1-4TDK9+cnkIfFYWwgB9BIVpiYT70="
  "resolved" "http://registry.npm.baidu-int.com/content-disposition/-/content-disposition-0.5.3.tgz"
  "version" "0.5.3"
  dependencies:
    "safe-buffer" "5.1.2"

"content-type@^1.0.4":
  "integrity" "sha1-4TjMdeBAxyexlm/l5fjJruJW/js="
  "resolved" "http://registry.npm.baidu-int.com/content-type/-/content-type-1.0.4.tgz"
  "version" "1.0.4"

"cookies@~0.8.0":
  "integrity" "sha512-8aPsApQfebXnuI+537McwYsDtjVxGm8gTIzQI3FDW6t5t/DAhERxtnbEPN/8RX+uZthoz4eCOgloXaE5cYyNow=="
  "resolved" "http://registry.npm.baidu-int.com/cookies/-/cookies-0.8.0.tgz"
  "version" "0.8.0"
  dependencies:
    "depd" "~2.0.0"
    "keygrip" "~1.1.0"

"copy-to@^2.0.1":
  "integrity" "sha1-JoD7uAaKSNCGVrYJgJK9r8kG9KU="
  "resolved" "http://registry.npm.baidu-int.com/copy-to/-/copy-to-2.0.1.tgz"
  "version" "2.0.1"

"create-require@^1.1.0":
  "integrity" "sha1-wdfo8eX2z8n/ZfnNNS03NIdWwzM="
  "resolved" "http://registry.npm.baidu-int.com/create-require/-/create-require-1.1.1.tgz"
  "version" "1.1.1"

"debug@^3.1.0", "debug@~3.1.0":
  "integrity" "sha1-W7WgZyYotkFJVmuhaBnmFRjGcmE="
  "resolved" "http://registry.npm.baidu-int.com/debug/-/debug-3.1.0.tgz"
  "version" "3.1.0"
  dependencies:
    "ms" "2.0.0"

"debug@^4.1.1":
  "integrity" "sha1-8NIpxQXgxtjEmsVT0bE9wYP2su4="
  "resolved" "http://registry.npm.baidu-int.com/debug/-/debug-4.3.1.tgz"
  "version" "4.3.1"
  dependencies:
    "ms" "2.1.2"

"deep-equal@~1.0.1":
  "integrity" "sha1-9dJgKStmDghO/0zbyfCK0yR0SLU="
  "resolved" "http://registry.npm.baidu-int.com/deep-equal/-/deep-equal-1.0.1.tgz"
  "version" "1.0.1"

"delegates@^1.0.0":
  "integrity" "sha1-hMbhWbgZBP3KWaDvRM2HDTElD5o="
  "resolved" "http://registry.npm.baidu-int.com/delegates/-/delegates-1.0.0.tgz"
  "version" "1.0.0"

"depd@^2.0.0":
  "integrity" "sha512-g7nH6P6dyDioJogAAGprGpCtVImJhpPk/roCzdb3fIh61/s/nPsfR6onyMwkCAR/OlC3yBC0lESvUoQEAssIrw=="
  "resolved" "http://registry.npm.baidu-int.com/depd/-/depd-2.0.0.tgz"
  "version" "2.0.0"

"depd@~1.1.2":
  "integrity" "sha1-m81S4UwJd2PnSbJ0xDRu0uVgtak="
  "resolved" "http://registry.npm.baidu-int.com/depd/-/depd-1.1.2.tgz"
  "version" "1.1.2"

"depd@~2.0.0":
  "integrity" "sha512-g7nH6P6dyDioJogAAGprGpCtVImJhpPk/roCzdb3fIh61/s/nPsfR6onyMwkCAR/OlC3yBC0lESvUoQEAssIrw=="
  "resolved" "http://registry.npm.baidu-int.com/depd/-/depd-2.0.0.tgz"
  "version" "2.0.0"

"destroy@^1.0.4":
  "integrity" "sha1-l4hXRCxEdJ5CBmE+N5RiBYJqvYA="
  "resolved" "http://registry.npm.baidu-int.com/destroy/-/destroy-1.0.4.tgz"
  "version" "1.0.4"

"diff@^4.0.1":
  "integrity" "sha1-YPOuy4nV+uUgwRqhnvwruYKq3n0="
  "resolved" "http://registry.npm.baidu-int.com/diff/-/diff-4.0.2.tgz"
  "version" "4.0.2"

"ee-first@1.1.1":
  "integrity" "sha1-WQxhFWsK4vTwJVcyoViyZrxWsh0="
  "resolved" "http://registry.npm.baidu-int.com/ee-first/-/ee-first-1.1.1.tgz"
  "version" "1.1.1"

"encodeurl@^1.0.2":
  "integrity" "sha1-rT/0yG7C0CkyL1oCw6mmBslbP1k="
  "resolved" "http://registry.npm.baidu-int.com/encodeurl/-/encodeurl-1.0.2.tgz"
  "version" "1.0.2"

"escape-html@^1.0.3":
  "integrity" "sha1-Aljq5NPQwJdN4cFpGI7wBR0dGYg="
  "resolved" "http://registry.npm.baidu-int.com/escape-html/-/escape-html-1.0.3.tgz"
  "version" "1.0.3"

"fb-watchman@^2.0.1":
  "integrity" "sha1-/IT7OdJwnPP/bXQ3BhV7tXCKioU="
  "resolved" "http://registry.npm.baidu-int.com/fb-watchman/-/fb-watchman-2.0.1.tgz"
  "version" "2.0.1"
  dependencies:
    "bser" "2.1.1"

"fresh@~0.5.2":
  "integrity" "sha1-PYyt2Q2XZWn6g1qx+OSyOhBWBac="
  "resolved" "http://registry.npm.baidu-int.com/fresh/-/fresh-0.5.2.tgz"
  "version" "0.5.2"

"function-bind@^1.1.1":
  "integrity" "sha1-pWiZ0+o8m6uHS7l3O3xe3pL0iV0="
  "resolved" "http://registry.npm.baidu-int.com/function-bind/-/function-bind-1.1.1.tgz"
  "version" "1.1.1"

"get-intrinsic@^1.0.2":
  "integrity" "sha1-FfWfN2+FXERpY5SPDSTNNje0q8Y="
  "resolved" "http://registry.npm.baidu-int.com/get-intrinsic/-/get-intrinsic-1.1.1.tgz"
  "version" "1.1.1"
  dependencies:
    "function-bind" "^1.1.1"
    "has" "^1.0.3"
    "has-symbols" "^1.0.1"

"has-flag@^4.0.0":
  "integrity" "sha1-lEdx/ZyByBJlxNaUGGDaBrtZR5s="
  "resolved" "http://registry.npm.baidu-int.com/has-flag/-/has-flag-4.0.0.tgz"
  "version" "4.0.0"

"has-symbols@^1.0.1":
  "integrity" "sha1-Fl0wcMADCXUqEjakeTMeOsVvFCM="
  "resolved" "http://registry.npm.baidu-int.com/has-symbols/-/has-symbols-1.0.2.tgz"
  "version" "1.0.2"

"has@^1.0.3":
  "integrity" "sha512-f2dvO0VU6Oej7RkWJGrehjbzMAjFp5/VKPp5tTpWIV4JHHZK1/BxbFRtf/siA2SWTe09caDmVtYYzWEIbBS4zw=="
  "resolved" "http://registry.npm.baidu-int.com/has/-/has-1.0.3.tgz"
  "version" "1.0.3"
  dependencies:
    "function-bind" "^1.1.1"

"http-assert@^1.3.0":
  "integrity" "sha1-xfcl1neqfoc+9zYZm4lobM6zeHg="
  "resolved" "http://registry.npm.baidu-int.com/http-assert/-/http-assert-1.4.1.tgz"
  "version" "1.4.1"
  dependencies:
    "deep-equal" "~1.0.1"
    "http-errors" "~1.7.2"

"http-errors@^1.6.3", "http-errors@^1.7.3":
  "integrity" "sha1-ddG75JfhBE9R5O6ecEpi8o0zZQc="
  "resolved" "http://registry.npm.baidu-int.com/http-errors/-/http-errors-1.8.0.tgz"
  "version" "1.8.0"
  dependencies:
    "depd" "~1.1.2"
    "inherits" "2.0.4"
    "setprototypeof" "1.2.0"
    "statuses" ">= 1.5.0 < 2"
    "toidentifier" "1.0.0"

"http-errors@~1.6.2":
  "integrity" "sha1-i1VoC7S+KDoLW/TqLjhYC+HZMg0="
  "resolved" "http://registry.npm.baidu-int.com/http-errors/-/http-errors-1.6.3.tgz"
  "version" "1.6.3"
  dependencies:
    "depd" "~1.1.2"
    "inherits" "2.0.3"
    "setprototypeof" "1.1.0"
    "statuses" ">= 1.4.0 < 2"

"http-errors@~1.7.2":
  "integrity" "sha512-ZTTX0MWrsQ2ZAhA1cejAwDLycFsd7I7nVtnkT3Ol0aqodaKW+0CTZDQ1uBv5whptCnc8e8HeRRJxRs0kmm/Qfw=="
  "resolved" "http://registry.npm.baidu-int.com/http-errors/-/http-errors-1.7.3.tgz"
  "version" "1.7.3"
  dependencies:
    "depd" "~1.1.2"
    "inherits" "2.0.4"
    "setprototypeof" "1.1.1"
    "statuses" ">= 1.5.0 < 2"
    "toidentifier" "1.0.0"

"http-errors@1.7.3":
  "integrity" "sha512-ZTTX0MWrsQ2ZAhA1cejAwDLycFsd7I7nVtnkT3Ol0aqodaKW+0CTZDQ1uBv5whptCnc8e8HeRRJxRs0kmm/Qfw=="
  "resolved" "http://registry.npm.baidu-int.com/http-errors/-/http-errors-1.7.3.tgz"
  "version" "1.7.3"
  dependencies:
    "depd" "~1.1.2"
    "inherits" "2.0.4"
    "setprototypeof" "1.1.1"
    "statuses" ">= 1.5.0 < 2"
    "toidentifier" "1.0.0"

"iconv-lite@0.4.24":
  "integrity" "sha512-v3MXnZAcvnywkTUEZomIActle7RXXeedOR31wwl7VlyoXO4Qi9arvSenNQWne1TcRwhCL1HwLI21bEqdpj8/rA=="
  "resolved" "http://registry.npm.baidu-int.com/iconv-lite/-/iconv-lite-0.4.24.tgz"
  "version" "0.4.24"
  dependencies:
    "safer-buffer" ">= 2.1.2 < 3"

"inflation@^2.0.0":
  "integrity" "sha1-i0F+R8KPklpFEz2RTKH9OJEH8w8="
  "resolved" "http://registry.npm.baidu-int.com/inflation/-/inflation-2.0.0.tgz"
  "version" "2.0.0"

"inherits@2.0.3":
  "integrity" "sha1-Yzwsg+PaQqUC9SRmAiSA9CCCYd4="
  "resolved" "http://registry.npm.baidu-int.com/inherits/-/inherits-2.0.3.tgz"
  "version" "2.0.3"

"inherits@2.0.4":
  "integrity" "sha512-k/vGaX4/Yla3WzyMCvTQOXYeIHvqOKtnqBduzTHpzpQZzAskKMhZ2K+EnBiSM9zGSoIFeMpXKxa4dYeZIQqewQ=="
  "resolved" "http://registry.npm.baidu-int.com/inherits/-/inherits-2.0.4.tgz"
  "version" "2.0.4"

"is-generator-function@^1.0.7":
  "integrity" "sha1-37XCsSDgKwqNnSxoBs1WIaqSL3s="
  "resolved" "http://registry.npm.baidu-int.com/is-generator-function/-/is-generator-function-1.0.8.tgz"
  "version" "1.0.8"

"keygrip@~1.1.0":
  "integrity" "sha1-hxsWgdXhWcYqRFsMdLYV4JF+ciY="
  "resolved" "http://registry.npm.baidu-int.com/keygrip/-/keygrip-1.1.0.tgz"
  "version" "1.1.0"
  dependencies:
    "tsscmp" "1.0.6"

"koa-bodyparser@^4.3.0":
  "integrity" "sha1-J0x3hVX/SPoiHufzap+9us4idZo="
  "resolved" "http://registry.npm.baidu-int.com/koa-bodyparser/-/koa-bodyparser-4.3.0.tgz"
  "version" "4.3.0"
  dependencies:
    "co-body" "^6.0.0"
    "copy-to" "^2.0.1"

"koa-compose@^3.0.0":
  "integrity" "sha1-qFzLQLfZhtjlo0Wzoazo6rz1Tec="
  "resolved" "http://registry.npm.baidu-int.com/koa-compose/-/koa-compose-3.2.1.tgz"
  "version" "3.2.1"
  dependencies:
    "any-promise" "^1.1.0"

"koa-compose@^4.1.0":
  "integrity" "sha1-2O047dGO1BIiAr/Ks/1Wi4VaYyg="
  "resolved" "http://registry.npm.baidu-int.com/koa-compose/-/koa-compose-4.2.0.tgz"
  "version" "4.2.0"

"koa-convert@^1.2.0":
  "integrity" "sha1-2kCHXfSd4FOQmNFwC1CCDOvNIdA="
  "resolved" "http://registry.npm.baidu-int.com/koa-convert/-/koa-convert-1.2.0.tgz"
  "version" "1.2.0"
  dependencies:
    "co" "^4.6.0"
    "koa-compose" "^3.0.0"

"koa-send@^5.0.0":
  "integrity" "sha1-Odzuv6+zldDWC+r/ujpwtPVD/nk="
  "resolved" "http://registry.npm.baidu-int.com/koa-send/-/koa-send-5.0.1.tgz"
  "version" "5.0.1"
  dependencies:
    "debug" "^4.1.1"
    "http-errors" "^1.7.3"
    "resolve-path" "^1.4.0"

"koa-static@^5.0.0":
  "integrity" "sha512-UqyYyH5YEXaJrf9S8E23GoJFQZXkBVJ9zYYMPGz919MSX1KuvAcycIuS0ci150HCoPf4XQVhQ84Qf8xRPWxFaQ=="
  "resolved" "http://registry.npm.baidu-int.com/koa-static/-/koa-static-5.0.0.tgz"
  "version" "5.0.0"
  dependencies:
    "debug" "^3.1.0"
    "koa-send" "^5.0.0"

"koa@^2.13.1":
  "integrity" "sha1-YnUXKHWye8/h1FQ1altrn1qbEFE="
  "resolved" "http://registry.npm.baidu-int.com/koa/-/koa-2.13.1.tgz"
  "version" "2.13.1"
  dependencies:
    "accepts" "^1.3.5"
    "cache-content-type" "^1.0.0"
    "content-disposition" "~0.5.2"
    "content-type" "^1.0.4"
    "cookies" "~0.8.0"
    "debug" "~3.1.0"
    "delegates" "^1.0.0"
    "depd" "^2.0.0"
    "destroy" "^1.0.4"
    "encodeurl" "^1.0.2"
    "escape-html" "^1.0.3"
    "fresh" "~0.5.2"
    "http-assert" "^1.3.0"
    "http-errors" "^1.6.3"
    "is-generator-function" "^1.0.7"
    "koa-compose" "^4.1.0"
    "koa-convert" "^1.2.0"
    "on-finished" "^2.3.0"
    "only" "~0.0.2"
    "parseurl" "^1.3.2"
    "statuses" "^1.5.0"
    "type-is" "^1.6.16"
    "vary" "^1.1.2"

"make-error@^1.1.1":
  "integrity" "sha1-LrLjfqm2fEiR9oShOUeZr0hM96I="
  "resolved" "http://registry.npm.baidu-int.com/make-error/-/make-error-1.3.6.tgz"
  "version" "1.3.6"

"media-typer@0.3.0":
  "integrity" "sha1-hxDXrwqmJvj/+hzgAWhUUmMlV0g="
  "resolved" "http://registry.npm.baidu-int.com/media-typer/-/media-typer-0.3.0.tgz"
  "version" "0.3.0"

"mime-db@1.47.0":
  "integrity" "sha1-jLMT5Zll08Bc+/iYkVomevRqM1w="
  "resolved" "http://registry.npm.baidu-int.com/mime-db/-/mime-db-1.47.0.tgz"
  "version" "1.47.0"

"mime-types@^2.1.18", "mime-types@~2.1.24":
  "integrity" "sha1-bnvotMR5gl+F7WMmaV23P5MF1i0="
  "resolved" "http://registry.npm.baidu-int.com/mime-types/-/mime-types-2.1.30.tgz"
  "version" "2.1.30"
  dependencies:
    "mime-db" "1.47.0"

"mime@^2.5.2":
  "integrity" "sha1-bj3GzCuVEGQ4MOXxnVy3U9pe6r4="
  "resolved" "http://registry.npm.baidu-int.com/mime/-/mime-2.5.2.tgz"
  "version" "2.5.2"

"ms@2.0.0":
  "integrity" "sha1-VgiurfwAvmwpAd9fmGF4jeDVl8g="
  "resolved" "http://registry.npm.baidu-int.com/ms/-/ms-2.0.0.tgz"
  "version" "2.0.0"

"ms@2.1.2":
  "integrity" "sha512-sGkPx+VjMtmA6MX27oA4FBFELFCZZ4S4XqeGOXCv68tT+jb3vk/RyaKWP0PTKyWtmLSM0b+adUTEvbs1PEaH2w=="
  "resolved" "http://registry.npm.baidu-int.com/ms/-/ms-2.1.2.tgz"
  "version" "2.1.2"

"negotiator@0.6.2":
  "integrity" "sha1-/qz3zPUlp3rpY0Q2pkiD/+yjRvs="
  "resolved" "http://registry.npm.baidu-int.com/negotiator/-/negotiator-0.6.2.tgz"
  "version" "0.6.2"

"node-int64@^0.4.0":
  "integrity" "sha1-h6kGXNs1XTGC2PlM4RGIuCXGijs="
  "resolved" "http://registry.npm.baidu-int.com/node-int64/-/node-int64-0.4.0.tgz"
  "version" "0.4.0"

"object-inspect@^1.9.0":
  "integrity" "sha1-yQUh104RJ7ZyZt7TOUrWEWmGUzo="
  "resolved" "http://registry.npm.baidu-int.com/object-inspect/-/object-inspect-1.9.0.tgz"
  "version" "1.9.0"

"on-finished@^2.3.0":
  "integrity" "sha1-IPEzZIGwg811M3mSoWlxqi2QaUc="
  "resolved" "http://registry.npm.baidu-int.com/on-finished/-/on-finished-2.3.0.tgz"
  "version" "2.3.0"
  dependencies:
    "ee-first" "1.1.1"

"only@~0.0.2":
  "integrity" "sha1-Kv3oTQPlC5qO3EROMGEKcCle37Q="
  "resolved" "http://registry.npm.baidu-int.com/only/-/only-0.0.2.tgz"
  "version" "0.0.2"

"parseurl@^1.3.2":
  "integrity" "sha1-naGee+6NEt/wUT7Vt2lXeTvC6NQ="
  "resolved" "http://registry.npm.baidu-int.com/parseurl/-/parseurl-1.3.3.tgz"
  "version" "1.3.3"

"path-is-absolute@1.0.1":
  "integrity" "sha1-F0uSaHNVNP+8es5r9TpanhtcX18="
  "resolved" "http://registry.npm.baidu-int.com/path-is-absolute/-/path-is-absolute-1.0.1.tgz"
  "version" "1.0.1"

"qs@^6.5.2":
  "integrity" "sha1-STFIL6jWR6Wqt5nFJx0hM7mB+2o="
  "resolved" "http://registry.npm.baidu-int.com/qs/-/qs-6.10.1.tgz"
  "version" "6.10.1"
  dependencies:
    "side-channel" "^1.0.4"

"raw-body@^2.3.3":
  "integrity" "sha512-9WmIKF6mkvA0SLmA2Knm9+qj89e+j1zqgyn8aXGd7+nAduPoqgI9lO57SAZNn/Byzo5P7JhXTyg9PzaJbH73bA=="
  "resolved" "http://registry.npm.baidu-int.com/raw-body/-/raw-body-2.4.1.tgz"
  "version" "2.4.1"
  dependencies:
    "bytes" "3.1.0"
    "http-errors" "1.7.3"
    "iconv-lite" "0.4.24"
    "unpipe" "1.0.0"

"resolve-path@^1.4.0":
  "integrity" "sha1-xL2p9e+y/OZSR4c6s2u02DT+Fvc="
  "resolved" "http://registry.npm.baidu-int.com/resolve-path/-/resolve-path-1.4.0.tgz"
  "version" "1.4.0"
  dependencies:
    "http-errors" "~1.6.2"
    "path-is-absolute" "1.0.1"

"safe-buffer@5.1.2":
  "integrity" "sha512-Gd2UZBJDkXlY7GbJxfsE8/nvKkUEU1G38c1siN6QP6a9PT9MmHB8GnpscSmMJSoF8LOIrt8ud/wPtojys4G6+g=="
  "resolved" "http://registry.npm.baidu-int.com/safe-buffer/-/safe-buffer-5.1.2.tgz"
  "version" "5.1.2"

"safer-buffer@>= 2.1.2 < 3":
  "integrity" "sha512-YZo3K82SD7Riyi0E1EQPojLz7kpepnSQI9IyPbHHg1XXXevb5dJI7tpyN2ADxGcQbHG7vcyRHk0cbwqcQriUtg=="
  "resolved" "http://registry.npm.baidu-int.com/safer-buffer/-/safer-buffer-2.1.2.tgz"
  "version" "2.1.2"

"setprototypeof@1.1.0":
  "integrity" "sha1-0L2FU2iHtv58DYGMuWLZ2RxU5lY="
  "resolved" "http://registry.npm.baidu-int.com/setprototypeof/-/setprototypeof-1.1.0.tgz"
  "version" "1.1.0"

"setprototypeof@1.1.1":
  "integrity" "sha1-fpWsskqpL1iF4KvvW6ExMw1K5oM="
  "resolved" "http://registry.npm.baidu-int.com/setprototypeof/-/setprototypeof-1.1.1.tgz"
  "version" "1.1.1"

"setprototypeof@1.2.0":
  "integrity" "sha512-E5LDX7Wrp85Kil5bhZv46j8jOeboKq5JMmYM3gVGdGH8xFpPWXUMsNrlODCrkoxMEeNi/XZIwuRvY4XNwYMJpw=="
  "resolved" "http://registry.npm.baidu-int.com/setprototypeof/-/setprototypeof-1.2.0.tgz"
  "version" "1.2.0"

"side-channel@^1.0.4":
  "integrity" "sha1-785cj9wQTudRslxY1CkAEfpeos8="
  "resolved" "http://registry.npm.baidu-int.com/side-channel/-/side-channel-1.0.4.tgz"
  "version" "1.0.4"
  dependencies:
    "call-bind" "^1.0.0"
    "get-intrinsic" "^1.0.2"
    "object-inspect" "^1.9.0"

"source-map-support@^0.5.17":
  "integrity" "sha1-qYti+G3K9PZzmWSMCFKRq56P7WE="
  "resolved" "http://registry.npm.baidu-int.com/source-map-support/-/source-map-support-0.5.19.tgz"
  "version" "0.5.19"
  dependencies:
    "buffer-from" "^1.0.0"
    "source-map" "^0.6.0"

"source-map@^0.6.0":
  "integrity" "sha1-dHIq8y6WFOnCh6jQu95IteLxomM="
  "resolved" "http://registry.npm.baidu-int.com/source-map/-/source-map-0.6.1.tgz"
  "version" "0.6.1"

"statuses@^1.5.0", "statuses@>= 1.4.0 < 2", "statuses@>= 1.5.0 < 2":
  "integrity" "sha1-Fhx9rBd2Wf2YEfQ3cfqZOBR4Yow="
  "resolved" "http://registry.npm.baidu-int.com/statuses/-/statuses-1.5.0.tgz"
  "version" "1.5.0"

"supports-color@^7.1.0":
  "integrity" "sha1-G33NyzK4E4gBs+R4umpRyqiWSNo="
  "resolved" "http://registry.npm.baidu-int.com/supports-color/-/supports-color-7.2.0.tgz"
  "version" "7.2.0"
  dependencies:
    "has-flag" "^4.0.0"

"toidentifier@1.0.0":
  "integrity" "sha512-yaOH/Pk/VEhBWWTlhI+qXxDFXlejDGcQipMlyxda9nthulaxLZUNcUqFxokp0vcYnvteJln5FNQDRrxj3YcbVw=="
  "resolved" "http://registry.npm.baidu-int.com/toidentifier/-/toidentifier-1.0.0.tgz"
  "version" "1.0.0"

"ts-node@^9.1.1":
  "integrity" "sha1-UamkUKPpWUAb2l8ASnLVS5NtN20="
  "resolved" "http://registry.npm.baidu-int.com/ts-node/-/ts-node-9.1.1.tgz"
  "version" "9.1.1"
  dependencies:
    "arg" "^4.1.0"
    "create-require" "^1.1.0"
    "diff" "^4.0.1"
    "make-error" "^1.1.1"
    "source-map-support" "^0.5.17"
    "yn" "3.1.1"

"tsscmp@1.0.6":
  "integrity" "sha512-LxhtAkPDTkVCMQjt2h6eBVY28KCjikZqZfMcC15YBeNjkgUpdCfBu5HoiOTDu86v6smE8yOjyEktJ8hlbANHQA=="
  "resolved" "http://registry.npm.baidu-int.com/tsscmp/-/tsscmp-1.0.6.tgz"
  "version" "1.0.6"

"type-is@^1.6.16":
  "integrity" "sha1-TlUs0F3wlGfcvE73Od6J8s83wTE="
  "resolved" "http://registry.npm.baidu-int.com/type-is/-/type-is-1.6.18.tgz"
  "version" "1.6.18"
  dependencies:
    "media-typer" "0.3.0"
    "mime-types" "~2.1.24"

"typescript@>=2.7":
  "integrity" "sha1-hhC1l0feAo/aiYqK7w4QPxVtCWE="
  "resolved" "http://registry.npm.baidu-int.com/typescript/-/typescript-4.2.4.tgz"
  "version" "4.2.4"

"unpipe@1.0.0":
  "integrity" "sha1-sr9O6FFKrmFltIF4KdIbLvSZBOw="
  "resolved" "http://registry.npm.baidu-int.com/unpipe/-/unpipe-1.0.0.tgz"
  "version" "1.0.0"

"vary@^1.1.2":
  "integrity" "sha1-IpnwLG3tMNSllhsLn3RSShj2NPw="
  "resolved" "http://registry.npm.baidu-int.com/vary/-/vary-1.1.2.tgz"
  "version" "1.1.2"

"ylru@^1.2.0":
  "integrity" "sha512-faQrqNMzcPCHGVC2aaOINk13K+aaBDUPjGWl0teOXywElLjyVAB6Oe2jj62jHYtwsU49jXhScYbvPENK+6zAvQ=="
  "resolved" "http://registry.npm.baidu-int.com/ylru/-/ylru-1.2.1.tgz"
  "version" "1.2.1"

"yn@3.1.1":
  "integrity" "sha512-Ux4ygGWsu2c7isFWe8Yu1YluJmqVhxqK2cLXNQA5AcC3QfbGNpM7fu0Y8b/z16pXLnFxZYvWhd3fhBY9DLmC6Q=="
  "resolved" "http://registry.npm.baidu-int.com/yn/-/yn-3.1.1.tgz"
  "version" "3.1.1"
